
Microsoft Visual Studio Solution File, Format Version 12.00
# Visual Studio Version 16
VisualStudioVersion = 16.0.33927.289
MinimumVisualStudioVersion = 10.0.40219.1
Project("{2150E333-8FDC-42A3-9474-1A3956D46DE8}") = "Task0", "Task0", "{7C3FB7E9-C1A0-477B-9608-2BEFCE3DA15F}"
EndProject
Project("{FAE04EC0-301F-11D3-BF4B-00C04F79EFBC}") = "Tyuiu.CherepanovVS.Sprint4.Task0.V27", "Tyuiu.CherepanovVS.Sprint4.Task0.V27\Tyuiu.CherepanovVS.Sprint4.Task0.V27.csproj", "{65A796D9-89AD-4336-98B6-51CF4B6468E9}"
EndProject
Project("{FAE04EC0-301F-11D3-BF4B-00C04F79EFBC}") = "Tyuiu.CherepanovVS.Sprint4.Task0.V27.Lib", "Tyuiu.CherepanovVS.Sprint4.Task0.V27.Lib\Tyuiu.CherepanovVS.Sprint4.Task0.V27.Lib.csproj", "{876FE537-8BF0-40DC-9022-769C0804DC52}"
EndProject
Project("{FAE04EC0-301F-11D3-BF4B-00C04F79EFBC}") = "Tyuiu.CherepanovVS.Sprint4.Task0.V27.Test", "Tyuiu.CherepanovVS.Sprint4.Task0.V27.Test\Tyuiu.CherepanovVS.Sprint4.Task0.V27.Test.csproj", "{D80634DB-C896-490D-ACDC-DAF78A4D88A6}"
EndProject
Project("{2150E333-8FDC-42A3-9474-1A3956D46DE8}") = "Task1", "Task1", "{492E5A2D-5ADC-4C99-98B2-7453E1A2B5A9}"
EndProject
Project("{FAE04EC0-301F-11D3-BF4B-00C04F79EFBC}") = "Tyuiu.CherepanovVS.Sprint4.Task1.V13", "Tyuiu.CherepanovVS.Sprint4.Task1.V13\Tyuiu.CherepanovVS.Sprint4.Task1.V13.csproj", "{33DED360-86AB-4B66-9841-A69B06BDC535}"
EndProject
Project("{FAE04EC0-301F-11D3-BF4B-00C04F79EFBC}") = "Tyuiu.CherepanovVS.Sprint4.Task1.V13.Lib", "Tyuiu.CherepanovVS.Sprint4.Task1.V13.Lib\Tyuiu.CherepanovVS.Sprint4.Task1.V13.Lib.csproj", "{8CD5C708-06EF-4F69-940B-27F123105459}"
EndProject
Project("{FAE04EC0-301F-11D3-BF4B-00C04F79EFBC}") = "Tyuiu.CherepanovVS.Sprint4.Task1.V13.Test", "Tyuiu.CherepanovVS.Sprint4.Task1.V13.Test\Tyuiu.CherepanovVS.Sprint4.Task1.V13.Test.csproj", "{121E8B12-67D6-40A4-9EB2-CE2440C27C8D}"
EndProject
Project("{2150E333-8FDC-42A3-9474-1A3956D46DE8}") = "Task2", "Task2", "{9C3BA49D-256E-4A2A-9EF1-F1C752C96800}"
EndProject
Project("{FAE04EC0-301F-11D3-BF4B-00C04F79EFBC}") = "Tyuiu.CherepanovVS.Sprint4.Task2.V8", "Tyuiu.CherepanovVS.Sprint4.Task2.V8\Tyuiu.CherepanovVS.Sprint4.Task2.V8.csproj", "{D68BAE89-7DE4-4CB4-AB78-B179A698AE04}"
EndProject
Project("{FAE04EC0-301F-11D3-BF4B-00C04F79EFBC}") = "Tyuiu.CherepanovVS.Sprint4.Task2.V8.Lib", "Tyuiu.CherepanovVS.Sprint4.Task2.V8.Lib\Tyuiu.CherepanovVS.Sprint4.Task2.V8.Lib.csproj", "{3B9937F7-CA85-4793-867E-AD64C1D39274}"
EndProject
Project("{FAE04EC0-301F-11D3-BF4B-00C04F79EFBC}") = "Tyuiu.CherepanovVS.Sprint4.Task2.V8.Test", "Tyuiu.CherepanovVS.Sprint4.Task2.V8.Test\Tyuiu.CherepanovVS.Sprint4.Task2.V8.Test.csproj", "{CFC62498-800D-4ABE-857D-0B723C7B45FB}"
EndProject
Project("{2150E333-8FDC-42A3-9474-1A3956D46DE8}") = "Task3", "Task3", "{841CC9FF-DEF1-42C8-97E3-B9D6480960C1}"
EndProject
Project("{FAE04EC0-301F-11D3-BF4B-00C04F79EFBC}") = "Tyuiu.CherepanovVS.Sprint4.Task3.V22", "Tyuiu.CherepanovVS.Sprint4.Task3.V22\Tyuiu.CherepanovVS.Sprint4.Task3.V22.csproj", "{63341D25-C1CC-4AF3-9A07-ACB5FD7F54F2}"
EndProject
Project("{FAE04EC0-301F-11D3-BF4B-00C04F79EFBC}") = "Tyuiu.CherepanovVS.Sprint4.Task3.V22.Lib", "Tyuiu.CherepanovVS.Sprint4.Task3.V22.Lib\Tyuiu.CherepanovVS.Sprint4.Task3.V22.Lib.csproj", "{781AF90D-55EC-4361-B672-8E94C267B5A1}"
EndProject
Project("{FAE04EC0-301F-11D3-BF4B-00C04F79EFBC}") = "Tyuiu.CherepanovVS.Sprint4.Task3.V22.Test", "Tyuiu.CherepanovVS.Sprint4.Task3.V22.Test\Tyuiu.CherepanovVS.Sprint4.Task3.V22.Test.csproj", "{EB3FD398-20C5-4A44-9FD9-909A56BCF31F}"
EndProject
Project("{2150E333-8FDC-42A3-9474-1A3956D46DE8}") = "Task4", "Task4", "{99E6B84C-D56D-45FF-A57B-D4D167101E5D}"
EndProject
Project("{FAE04EC0-301F-11D3-BF4B-00C04F79EFBC}") = "Tyuiu.CherepanovVS.Sprint4.Task4.V14", "Tyuiu.CherepanovVS.Sprint4.Task4.V14\Tyuiu.CherepanovVS.Sprint4.Task4.V14.csproj", "{DFEF14BD-42F8-4A19-88EC-ECA06982C8AA}"
EndProject
Project("{FAE04EC0-301F-11D3-BF4B-00C04F79EFBC}") = "Tyuiu.CherepanovVS.Sprint4.Task4.V14.Lib", "Tyuiu.CherepanovVS.Sprint4.Task4.V14.Lib\Tyuiu.CherepanovVS.Sprint4.Task4.V14.Lib.csproj", "{434F1647-23F8-4F3B-804E-6154E54EA9F9}"
EndProject
Project("{FAE04EC0-301F-11D3-BF4B-00C04F79EFBC}") = "Tyuiu.CherepanovVS.Sprint4.Task4.V14.Test", "Tyuiu.CherepanovVS.Sprint4.Task4.V14.Test\Tyuiu.CherepanovVS.Sprint4.Task4.V14.Test.csproj", "{B30C6C51-3382-4598-B850-3CF0F7A39A4C}"
EndProject
Project("{2150E333-8FDC-42A3-9474-1A3956D46DE8}") = "Task5", "Task5", "{576B21A6-D7F8-4C28-99F1-048690BFC685}"
EndProject
Project("{FAE04EC0-301F-11D3-BF4B-00C04F79EFBC}") = "Tyuiu.CherepanovVS.Sprint4.Task5.V8", "Tyuiu.CherepanovVS.Sprint4.Task5.V8\Tyuiu.CherepanovVS.Sprint4.Task5.V8.csproj", "{FA8149DB-9FB9-44AF-9724-6FA3F83ECC1C}"
EndProject
Project("{FAE04EC0-301F-11D3-BF4B-00C04F79EFBC}") = "Tyuiu.CherepanovVS.Sprint4.Task5.V8.Lib", "Tyuiu.CherepanovVS.Sprint4.Task5.V8.Lib\Tyuiu.CherepanovVS.Sprint4.Task5.V8.Lib.csproj", "{19F7F63C-8B62-447A-A93E-655FBA1EF0F9}"
EndProject
Project("{FAE04EC0-301F-11D3-BF4B-00C04F79EFBC}") = "Tyuiu.CherepanovVS.Sprint4.Task5.V8.Test", "Tyuiu.CherepanovVS.Sprint4.Task5.V8.Test\Tyuiu.CherepanovVS.Sprint4.Task5.V8.Test.csproj", "{58976190-811D-4C0E-BB69-3741D3385147}"
EndProject
Project("{2150E333-8FDC-42A3-9474-1A3956D46DE8}") = "Task6", "Task6", "{DB77E657-90DF-4B76-8AE1-1AA7C6BD370E}"
EndProject
Project("{FAE04EC0-301F-11D3-BF4B-00C04F79EFBC}") = "Tyuiu.CherepanovVS.Sprint4.Task6.V19", "Tyuiu.CherepanovVS.Sprint4.Task6.V19\Tyuiu.CherepanovVS.Sprint4.Task6.V19.csproj", "{2A708DF4-55C3-453C-92A9-85ACF86695DA}"
EndProject
Project("{FAE04EC0-301F-11D3-BF4B-00C04F79EFBC}") = "Tyuiu.CherepanovVS.Sprint4.Task6.V19.Lib", "Tyuiu.CherepanovVS.Sprint4.Task6.V19.Lib\Tyuiu.CherepanovVS.Sprint4.Task6.V19.Lib.csproj", "{8DCA4522-F9B3-4DDF-954E-2E4A57B84089}"
EndProject
Project("{FAE04EC0-301F-11D3-BF4B-00C04F79EFBC}") = "Tyuiu.CherepanovVS.Sprint4.Task6.V19.Test", "Tyuiu.CherepanovVS.Sprint4.Task6.V19.Test\Tyuiu.CherepanovVS.Sprint4.Task6.V19.Test.csproj", "{8464B3C3-DAD4-44DA-9953-23C96EBDF149}"
EndProject
Project("{2150E333-8FDC-42A3-9474-1A3956D46DE8}") = "Task7", "Task7", "{8F93C658-37F0-42F3-8E62-66ED3D97BA22}"
EndProject
Project("{FAE04EC0-301F-11D3-BF4B-00C04F79EFBC}") = "Tyuiu.CherepanovVS.Sprint4.Task7.V7", "Tyuiu.CherepanovVS.Sprint4.Task7.V7\Tyuiu.CherepanovVS.Sprint4.Task7.V7.csproj", "{ABD86E6B-993A-431F-87A0-DF217ACF6F9D}"
EndProject
Project("{FAE04EC0-301F-11D3-BF4B-00C04F79EFBC}") = "Tyuiu.CherepanovVS.Sprint4.Task7.V7.Lib", "Tyuiu.CherepanovVS.Sprint4.Task7.V7.Lib\Tyuiu.CherepanovVS.Sprint4.Task7.V7.Lib.csproj", "{6B36E705-FFBC-4B29-B062-4D0C7709FD7D}"
EndProject
Project("{FAE04EC0-301F-11D3-BF4B-00C04F79EFBC}") = "Tyuiu.CherepanovVS.Sprint4.Task7.V7.Test", "Tyuiu.CherepanovVS.Sprint4.Task7.V7.Test\Tyuiu.CherepanovVS.Sprint4.Task7.V7.Test.csproj", "{829DC096-4830-41ED-9EDC-5A1330ECA79A}"
EndProject
Global
	GlobalSection(SolutionConfigurationPlatforms) = preSolution
		Debug|Any CPU = Debug|Any CPU
		Release|Any CPU = Release|Any CPU
	EndGlobalSection
	GlobalSection(ProjectConfigurationPlatforms) = postSolution
		{65A796D9-89AD-4336-98B6-51CF4B6468E9}.Debug|Any CPU.ActiveCfg = Debug|Any CPU
		{65A796D9-89AD-4336-98B6-51CF4B6468E9}.Debug|Any CPU.Build.0 = Debug|Any CPU
		{65A796D9-89AD-4336-98B6-51CF4B6468E9}.Release|Any CPU.ActiveCfg = Release|Any CPU
		{65A796D9-89AD-4336-98B6-51CF4B6468E9}.Release|Any CPU.Build.0 = Release|Any CPU
		{876FE537-8BF0-40DC-9022-769C0804DC52}.Debug|Any CPU.ActiveCfg = Debug|Any CPU
		{876FE537-8BF0-40DC-9022-769C0804DC52}.Debug|Any CPU.Build.0 = Debug|Any CPU
		{876FE537-8BF0-40DC-9022-769C0804DC52}.Release|Any CPU.ActiveCfg = Release|Any CPU
		{876FE537-8BF0-40DC-9022-769C0804DC52}.Release|Any CPU.Build.0 = Release|Any CPU
		{D80634DB-C896-490D-ACDC-DAF78A4D88A6}.Debug|Any CPU.ActiveCfg = Debug|Any CPU
		{D80634DB-C896-490D-ACDC-DAF78A4D88A6}.Debug|Any CPU.Build.0 = Debug|Any CPU
		{D80634DB-C896-490D-ACDC-DAF78A4D88A6}.Release|Any CPU.ActiveCfg = Release|Any CPU
		{D80634DB-C896-490D-ACDC-DAF78A4D88A6}.Release|Any CPU.Build.0 = Release|Any CPU
		{33DED360-86AB-4B66-9841-A69B06BDC535}.Debug|Any CPU.ActiveCfg = Debug|Any CPU
		{33DED360-86AB-4B66-9841-A69B06BDC535}.Debug|Any CPU.Build.0 = Debug|Any CPU
		{33DED360-86AB-4B66-9841-A69B06BDC535}.Release|Any CPU.ActiveCfg = Release|Any CPU
		{33DED360-86AB-4B66-9841-A69B06BDC535}.Release|Any CPU.Build.0 = Release|Any CPU
		{8CD5C708-06EF-4F69-940B-27F123105459}.Debug|Any CPU.ActiveCfg = Debug|Any CPU
		{8CD5C708-06EF-4F69-940B-27F123105459}.Debug|Any CPU.Build.0 = Debug|Any CPU
		{8CD5C708-06EF-4F69-940B-27F123105459}.Release|Any CPU.ActiveCfg = Release|Any CPU
		{8CD5C708-06EF-4F69-940B-27F123105459}.Release|Any CPU.Build.0 = Release|Any CPU
		{121E8B12-67D6-40A4-9EB2-CE2440C27C8D}.Debug|Any CPU.ActiveCfg = Debug|Any CPU
		{121E8B12-67D6-40A4-9EB2-CE2440C27C8D}.Debug|Any CPU.Build.0 = Debug|Any CPU
		{121E8B12-67D6-40A4-9EB2-CE2440C27C8D}.Release|Any CPU.ActiveCfg = Release|Any CPU
		{121E8B12-67D6-40A4-9EB2-CE2440C27C8D}.Release|Any CPU.Build.0 = Release|Any CPU
		{D68BAE89-7DE4-4CB4-AB78-B179A698AE04}.Debug|Any CPU.ActiveCfg = Debug|Any CPU
		{D68BAE89-7DE4-4CB4-AB78-B179A698AE04}.Debug|Any CPU.Build.0 = Debug|Any CPU
		{D68BAE89-7DE4-4CB4-AB78-B179A698AE04}.Release|Any CPU.ActiveCfg = Release|Any CPU
		{D68BAE89-7DE4-4CB4-AB78-B179A698AE04}.Release|Any CPU.Build.0 = Release|Any CPU
		{3B9937F7-CA85-4793-867E-AD64C1D39274}.Debug|Any CPU.ActiveCfg = Debug|Any CPU
		{3B9937F7-CA85-4793-867E-AD64C1D39274}.Debug|Any CPU.Build.0 = Debug|Any CPU
		{3B9937F7-CA85-4793-867E-AD64C1D39274}.Release|Any CPU.ActiveCfg = Release|Any CPU
		{3B9937F7-CA85-4793-867E-AD64C1D39274}.Release|Any CPU.Build.0 = Release|Any CPU
		{CFC62498-800D-4ABE-857D-0B723C7B45FB}.Debug|Any CPU.ActiveCfg = Debug|Any CPU
		{CFC62498-800D-4ABE-857D-0B723C7B45FB}.Debug|Any CPU.Build.0 = Debug|Any CPU
		{CFC62498-800D-4ABE-857D-0B723C7B45FB}.Release|Any CPU.ActiveCfg = Release|Any CPU
		{CFC62498-800D-4ABE-857D-0B723C7B45FB}.Release|Any CPU.Build.0 = Release|Any CPU
		{63341D25-C1CC-4AF3-9A07-ACB5FD7F54F2}.Debug|Any CPU.ActiveCfg = Debug|Any CPU
		{63341D25-C1CC-4AF3-9A07-ACB5FD7F54F2}.Debug|Any CPU.Build.0 = Debug|Any CPU
		{63341D25-C1CC-4AF3-9A07-ACB5FD7F54F2}.Release|Any CPU.ActiveCfg = Release|Any CPU
		{63341D25-C1CC-4AF3-9A07-ACB5FD7F54F2}.Release|Any CPU.Build.0 = Release|Any CPU
		{781AF90D-55EC-4361-B672-8E94C267B5A1}.Debug|Any CPU.ActiveCfg = Debug|Any CPU
		{781AF90D-55EC-4361-B672-8E94C267B5A1}.Debug|Any CPU.Build.0 = Debug|Any CPU
		{781AF90D-55EC-4361-B672-8E94C267B5A1}.Release|Any CPU.ActiveCfg = Release|Any CPU
		{781AF90D-55EC-4361-B672-8E94C267B5A1}.Release|Any CPU.Build.0 = Release|Any CPU
		{EB3FD398-20C5-4A44-9FD9-909A56BCF31F}.Debug|Any CPU.ActiveCfg = Debug|Any CPU
		{EB3FD398-20C5-4A44-9FD9-909A56BCF31F}.Debug|Any CPU.Build.0 = Debug|Any CPU
		{EB3FD398-20C5-4A44-9FD9-909A56BCF31F}.Release|Any CPU.ActiveCfg = Release|Any CPU
		{EB3FD398-20C5-4A44-9FD9-909A56BCF31F}.Release|Any CPU.Build.0 = Release|Any CPU
		{DFEF14BD-42F8-4A19-88EC-ECA06982C8AA}.Debug|Any CPU.ActiveCfg = Debug|Any CPU
		{DFEF14BD-42F8-4A19-88EC-ECA06982C8AA}.Debug|Any CPU.Build.0 = Debug|Any CPU
		{DFEF14BD-42F8-4A19-88EC-ECA06982C8AA}.Release|Any CPU.ActiveCfg = Release|Any CPU
		{DFEF14BD-42F8-4A19-88EC-ECA06982C8AA}.Release|Any CPU.Build.0 = Release|Any CPU
		{434F1647-23F8-4F3B-804E-6154E54EA9F9}.Debug|Any CPU.ActiveCfg = Debug|Any CPU
		{434F1647-23F8-4F3B-804E-6154E54EA9F9}.Debug|Any CPU.Build.0 = Debug|Any CPU
		{434F1647-23F8-4F3B-804E-6154E54EA9F9}.Release|Any CPU.ActiveCfg = Release|Any CPU
		{434F1647-23F8-4F3B-804E-6154E54EA9F9}.Release|Any CPU.Build.0 = Release|Any CPU
		{B30C6C51-3382-4598-B850-3CF0F7A39A4C}.Debug|Any CPU.ActiveCfg = Debug|Any CPU
		{B30C6C51-3382-4598-B850-3CF0F7A39A4C}.Debug|Any CPU.Build.0 = Debug|Any CPU
		{B30C6C51-3382-4598-B850-3CF0F7A39A4C}.Release|Any CPU.ActiveCfg = Release|Any CPU
		{B30C6C51-3382-4598-B850-3CF0F7A39A4C}.Release|Any CPU.Build.0 = Release|Any CPU
		{FA8149DB-9FB9-44AF-9724-6FA3F83ECC1C}.Debug|Any CPU.ActiveCfg = Debug|Any CPU
		{FA8149DB-9FB9-44AF-9724-6FA3F83ECC1C}.Debug|Any CPU.Build.0 = Debug|Any CPU
		{FA8149DB-9FB9-44AF-9724-6FA3F83ECC1C}.Release|Any CPU.ActiveCfg = Release|Any CPU
		{FA8149DB-9FB9-44AF-9724-6FA3F83ECC1C}.Release|Any CPU.Build.0 = Release|Any CPU
		{19F7F63C-8B62-447A-A93E-655FBA1EF0F9}.Debug|Any CPU.ActiveCfg = Debug|Any CPU
		{19F7F63C-8B62-447A-A93E-655FBA1EF0F9}.Debug|Any CPU.Build.0 = Debug|Any CPU
		{19F7F63C-8B62-447A-A93E-655FBA1EF0F9}.Release|Any CPU.ActiveCfg = Release|Any CPU
		{19F7F63C-8B62-447A-A93E-655FBA1EF0F9}.Release|Any CPU.Build.0 = Release|Any CPU
		{58976190-811D-4C0E-BB69-3741D3385147}.Debug|Any CPU.ActiveCfg = Debug|Any CPU
		{58976190-811D-4C0E-BB69-3741D3385147}.Debug|Any CPU.Build.0 = Debug|Any CPU
		{58976190-811D-4C0E-BB69-3741D3385147}.Release|Any CPU.ActiveCfg = Release|Any CPU
		{58976190-811D-4C0E-BB69-3741D3385147}.Release|Any CPU.Build.0 = Release|Any CPU
		{2A708DF4-55C3-453C-92A9-85ACF86695DA}.Debug|Any CPU.ActiveCfg = Debug|Any CPU
		{2A708DF4-55C3-453C-92A9-85ACF86695DA}.Debug|Any CPU.Build.0 = Debug|Any CPU
		{2A708DF4-55C3-453C-92A9-85ACF86695DA}.Release|Any CPU.ActiveCfg = Release|Any CPU
		{2A708DF4-55C3-453C-92A9-85ACF86695DA}.Release|Any CPU.Build.0 = Release|Any CPU
		{8DCA4522-F9B3-4DDF-954E-2E4A57B84089}.Debug|Any CPU.ActiveCfg = Debug|Any CPU
		{8DCA4522-F9B3-4DDF-954E-2E4A57B84089}.Debug|Any CPU.Build.0 = Debug|Any CPU
		{8DCA4522-F9B3-4DDF-954E-2E4A57B84089}.Release|Any CPU.ActiveCfg = Release|Any CPU
		{8DCA4522-F9B3-4DDF-954E-2E4A57B84089}.Release|Any CPU.Build.0 = Release|Any CPU
		{8464B3C3-DAD4-44DA-9953-23C96EBDF149}.Debug|Any CPU.ActiveCfg = Debug|Any CPU
		{8464B3C3-DAD4-44DA-9953-23C96EBDF149}.Debug|Any CPU.Build.0 = Debug|Any CPU
		{8464B3C3-DAD4-44DA-9953-23C96EBDF149}.Release|Any CPU.ActiveCfg = Release|Any CPU
		{8464B3C3-DAD4-44DA-9953-23C96EBDF149}.Release|Any CPU.Build.0 = Release|Any CPU
		{ABD86E6B-993A-431F-87A0-DF217ACF6F9D}.Debug|Any CPU.ActiveCfg = Debug|Any CPU
		{ABD86E6B-993A-431F-87A0-DF217ACF6F9D}.Debug|Any CPU.Build.0 = Debug|Any CPU
		{ABD86E6B-993A-431F-87A0-DF217ACF6F9D}.Release|Any CPU.ActiveCfg = Release|Any CPU
		{ABD86E6B-993A-431F-87A0-DF217ACF6F9D}.Release|Any CPU.Build.0 = Release|Any CPU
		{6B36E705-FFBC-4B29-B062-4D0C7709FD7D}.Debug|Any CPU.ActiveCfg = Debug|Any CPU
		{6B36E705-FFBC-4B29-B062-4D0C7709FD7D}.Debug|Any CPU.Build.0 = Debug|Any CPU
		{6B36E705-FFBC-4B29-B062-4D0C7709FD7D}.Release|Any CPU.ActiveCfg = Release|Any CPU
		{6B36E705-FFBC-4B29-B062-4D0C7709FD7D}.Release|Any CPU.Build.0 = Release|Any CPU
		{829DC096-4830-41ED-9EDC-5A1330ECA79A}.Debug|Any CPU.ActiveCfg = Debug|Any CPU
		{829DC096-4830-41ED-9EDC-5A1330ECA79A}.Debug|Any CPU.Build.0 = Debug|Any CPU
		{829DC096-4830-41ED-9EDC-5A1330ECA79A}.Release|Any CPU.ActiveCfg = Release|Any CPU
		{829DC096-4830-41ED-9EDC-5A1330ECA79A}.Release|Any CPU.Build.0 = Release|Any CPU
	EndGlobalSection
	GlobalSection(SolutionProperties) = preSolution
		HideSolutionNode = FALSE
	EndGlobalSection
	GlobalSection(NestedProjects) = preSolution
		{65A796D9-89AD-4336-98B6-51CF4B6468E9} = {7C3FB7E9-C1A0-477B-9608-2BEFCE3DA15F}
		{876FE537-8BF0-40DC-9022-769C0804DC52} = {7C3FB7E9-C1A0-477B-9608-2BEFCE3DA15F}
		{D80634DB-C896-490D-ACDC-DAF78A4D88A6} = {7C3FB7E9-C1A0-477B-9608-2BEFCE3DA15F}
		{33DED360-86AB-4B66-9841-A69B06BDC535} = {492E5A2D-5ADC-4C99-98B2-7453E1A2B5A9}
		{8CD5C708-06EF-4F69-940B-27F123105459} = {492E5A2D-5ADC-4C99-98B2-7453E1A2B5A9}
		{121E8B12-67D6-40A4-9EB2-CE2440C27C8D} = {492E5A2D-5ADC-4C99-98B2-7453E1A2B5A9}
		{D68BAE89-7DE4-4CB4-AB78-B179A698AE04} = {9C3BA49D-256E-4A2A-9EF1-F1C752C96800}
		{3B9937F7-CA85-4793-867E-AD64C1D39274} = {9C3BA49D-256E-4A2A-9EF1-F1C752C96800}
		{CFC62498-800D-4ABE-857D-0B723C7B45FB} = {9C3BA49D-256E-4A2A-9EF1-F1C752C96800}
		{63341D25-C1CC-4AF3-9A07-ACB5FD7F54F2} = {841CC9FF-DEF1-42C8-97E3-B9D6480960C1}
		{781AF90D-55EC-4361-B672-8E94C267B5A1} = {841CC9FF-DEF1-42C8-97E3-B9D6480960C1}
		{EB3FD398-20C5-4A44-9FD9-909A56BCF31F} = {841CC9FF-DEF1-42C8-97E3-B9D6480960C1}
		{DFEF14BD-42F8-4A19-88EC-ECA06982C8AA} = {99E6B84C-D56D-45FF-A57B-D4D167101E5D}
		{434F1647-23F8-4F3B-804E-6154E54EA9F9} = {99E6B84C-D56D-45FF-A57B-D4D167101E5D}
		{B30C6C51-3382-4598-B850-3CF0F7A39A4C} = {99E6B84C-D56D-45FF-A57B-D4D167101E5D}
		{FA8149DB-9FB9-44AF-9724-6FA3F83ECC1C} = {576B21A6-D7F8-4C28-99F1-048690BFC685}
		{19F7F63C-8B62-447A-A93E-655FBA1EF0F9} = {576B21A6-D7F8-4C28-99F1-048690BFC685}
		{58976190-811D-4C0E-BB69-3741D3385147} = {576B21A6-D7F8-4C28-99F1-048690BFC685}
		{2A708DF4-55C3-453C-92A9-85ACF86695DA} = {DB77E657-90DF-4B76-8AE1-1AA7C6BD370E}
		{8DCA4522-F9B3-4DDF-954E-2E4A57B84089} = {DB77E657-90DF-4B76-8AE1-1AA7C6BD370E}
		{8464B3C3-DAD4-44DA-9953-23C96EBDF149} = {DB77E657-90DF-4B76-8AE1-1AA7C6BD370E}
		{ABD86E6B-993A-431F-87A0-DF217ACF6F9D} = {8F93C658-37F0-42F3-8E62-66ED3D97BA22}
		{6B36E705-FFBC-4B29-B062-4D0C7709FD7D} = {8F93C658-37F0-42F3-8E62-66ED3D97BA22}
		{829DC096-4830-41ED-9EDC-5A1330ECA79A} = {8F93C658-37F0-42F3-8E62-66ED3D97BA22}
	EndGlobalSection
	GlobalSection(ExtensibilityGlobals) = postSolution
		SolutionGuid = {97ECED0D-F676-4508-B750-DDA30940AF89}
	EndGlobalSection
EndGlobal
